
Microsoft Visual Studio Solution File, Format Version 12.00
# Visual Studio Version 16
VisualStudioVersion = 16.0.30621.155
MinimumVisualStudioVersion = 10.0.40219.1
Project("{8BC9CEB8-8B4A-11D0-8D11-00A0C91BC942}") = "lib-png2ascii", "lib-png2ascii\lib-png2ascii.vcxproj", "{EE9BCD55-2576-4257-B265-F8BFFB9F17DB}"
EndProject
Project("{8BC9CEB8-8B4A-11D0-8D11-00A0C91BC942}") = "zlib", "zlib\zlib.vcxproj", "{95C9C384-871F-477E-B685-F39EACFBA631}"
EndProject
Project("{8BC9CEB8-8B4A-11D0-8D11-00A0C91BC942}") = "libpng", "libpng\libpng.vcxproj", "{0094B06A-8A48-4601-AA5E-64A4CF4C8463}"
EndProject
Global
	GlobalSection(SolutionConfigurationPlatforms) = preSolution
		Debug|x64 = Debug|x64
		Debug|x86 = Debug|x86
		Release|x64 = Release|x64
		Release|x86 = Release|x86
	EndGlobalSection
	GlobalSection(ProjectConfigurationPlatforms) = postSolution
		{EE9BCD55-2576-4257-B265-F8BFFB9F17DB}.Debug|x64.ActiveCfg = Debug|x64
		{EE9BCD55-2576-4257-B265-F8BFFB9F17DB}.Debug|x64.Build.0 = Debug|x64
		{EE9BCD55-2576-4257-B265-F8BFFB9F17DB}.Debug|x86.ActiveCfg = Debug|Win32
		{EE9BCD55-2576-4257-B265-F8BFFB9F17DB}.Debug|x86.Build.0 = Debug|Win32
		{EE9BCD55-2576-4257-B265-F8BFFB9F17DB}.Release|x64.ActiveCfg = Release|x64
		{EE9BCD55-2576-4257-B265-F8BFFB9F17DB}.Release|x64.Build.0 = Release|x64
		{EE9BCD55-2576-4257-B265-F8BFFB9F17DB}.Release|x86.ActiveCfg = Release|Win32
		{EE9BCD55-2576-4257-B265-F8BFFB9F17DB}.Release|x86.Build.0 = Release|Win32
		{95C9C384-871F-477E-B685-F39EACFBA631}.Debug|x64.ActiveCfg = Debug|x64
		{95C9C384-871F-477E-B685-F39EACFBA631}.Debug|x64.Build.0 = Debug|x64
		{95C9C384-871F-477E-B685-F39EACFBA631}.Debug|x86.ActiveCfg = Debug|Win32
		{95C9C384-871F-477E-B685-F39EACFBA631}.Debug|x86.Build.0 = Debug|Win32
		{95C9C384-871F-477E-B685-F39EACFBA631}.Release|x64.ActiveCfg = Release|x64
		{95C9C384-871F-477E-B685-F39EACFBA631}.Release|x64.Build.0 = Release|x64
		{95C9C384-871F-477E-B685-F39EACFBA631}.Release|x86.ActiveCfg = Release|Win32
		{95C9C384-871F-477E-B685-F39EACFBA631}.Release|x86.Build.0 = Release|Win32
		{0094B06A-8A48-4601-AA5E-64A4CF4C8463}.Debug|x64.ActiveCfg = Debug|x64
		{0094B06A-8A48-4601-AA5E-64A4CF4C8463}.Debug|x64.Build.0 = Debug|x64
		{0094B06A-8A48-4601-AA5E-64A4CF4C8463}.Debug|x86.ActiveCfg = Debug|Win32
		{0094B06A-8A48-4601-AA5E-64A4CF4C8463}.Debug|x86.Build.0 = Debug|Win32
		{0094B06A-8A48-4601-AA5E-64A4CF4C8463}.Release|x64.ActiveCfg = Release|x64
		{0094B06A-8A48-4601-AA5E-64A4CF4C8463}.Release|x64.Build.0 = Release|x64
		{0094B06A-8A48-4601-AA5E-64A4CF4C8463}.Release|x86.ActiveCfg = Release|Win32
		{0094B06A-8A48-4601-AA5E-64A4CF4C8463}.Release|x86.Build.0 = Release|Win32
	EndGlobalSection
	GlobalSection(SolutionProperties) = preSolution
		HideSolutionNode = FALSE
	EndGlobalSection
	GlobalSection(ExtensibilityGlobals) = postSolution
		SolutionGuid = {90FDCFED-6F27-49A8-8F31-116A6BB9A0CF}
	EndGlobalSection
EndGlobal
